
Microsoft Visual Studio Solution File, Format Version 12.00
# Visual Studio Version 16
VisualStudioVersion = 16.0.29926.136
MinimumVisualStudioVersion = 10.0.40219.1
Project("{FAE04EC0-301F-11D3-BF4B-00C04F79EFBC}") = "XPerf", "XPerf\XPerf.csproj", "{A674F0E2-5B87-487C-B8C8-967ACC195117}"
	ProjectSection(ProjectDependencies) = postProject
		{50A4A440-8130-4CEF-87D7-A89E56E4F259} = {50A4A440-8130-4CEF-87D7-A89E56E4F259}
		{8EAC15B9-D071-4B29-9341-A19978DBFF8D} = {8EAC15B9-D071-4B29-9341-A19978DBFF8D}
	EndProjectSection
EndProject
Project("{FAE04EC0-301F-11D3-BF4B-00C04F79EFBC}") = "XPerfApi", "XPerfApi\XPerfApi.csproj", "{BE832B9E-C77C-482B-AFE1-CF7FC603355E}"
EndProject
Project("{FAE04EC0-301F-11D3-BF4B-00C04F79EFBC}") = "XPerf.DataSource.Random", "XPerf.DataSource.Random\XPerf.DataSource.Random.csproj", "{50A4A440-8130-4CEF-87D7-A89E56E4F259}"
EndProject
Project("{FAE04EC0-301F-11D3-BF4B-00C04F79EFBC}") = "XPerf.DataSource.PerfCounter", "XPerf.DataSource.PerfCounter\XPerf.DataSource.PerfCounter.csproj", "{8EAC15B9-D071-4B29-9341-A19978DBFF8D}"
EndProject
Global
	GlobalSection(SolutionConfigurationPlatforms) = preSolution
		Debug|Any CPU = Debug|Any CPU
		Release|Any CPU = Release|Any CPU
	EndGlobalSection
	GlobalSection(ProjectConfigurationPlatforms) = postSolution
		{A674F0E2-5B87-487C-B8C8-967ACC195117}.Debug|Any CPU.ActiveCfg = Debug|Any CPU
		{A674F0E2-5B87-487C-B8C8-967ACC195117}.Debug|Any CPU.Build.0 = Debug|Any CPU
		{A674F0E2-5B87-487C-B8C8-967ACC195117}.Release|Any CPU.ActiveCfg = Release|Any CPU
		{A674F0E2-5B87-487C-B8C8-967ACC195117}.Release|Any CPU.Build.0 = Release|Any CPU
		{BE832B9E-C77C-482B-AFE1-CF7FC603355E}.Debug|Any CPU.ActiveCfg = Debug|Any CPU
		{BE832B9E-C77C-482B-AFE1-CF7FC603355E}.Debug|Any CPU.Build.0 = Debug|Any CPU
		{BE832B9E-C77C-482B-AFE1-CF7FC603355E}.Release|Any CPU.ActiveCfg = Release|Any CPU
		{BE832B9E-C77C-482B-AFE1-CF7FC603355E}.Release|Any CPU.Build.0 = Release|Any CPU
		{50A4A440-8130-4CEF-87D7-A89E56E4F259}.Debug|Any CPU.ActiveCfg = Debug|Any CPU
		{50A4A440-8130-4CEF-87D7-A89E56E4F259}.Debug|Any CPU.Build.0 = Debug|Any CPU
		{50A4A440-8130-4CEF-87D7-A89E56E4F259}.Release|Any CPU.ActiveCfg = Release|Any CPU
		{50A4A440-8130-4CEF-87D7-A89E56E4F259}.Release|Any CPU.Build.0 = Release|Any CPU
		{8EAC15B9-D071-4B29-9341-A19978DBFF8D}.Debug|Any CPU.ActiveCfg = Debug|Any CPU
		{8EAC15B9-D071-4B29-9341-A19978DBFF8D}.Debug|Any CPU.Build.0 = Debug|Any CPU
		{8EAC15B9-D071-4B29-9341-A19978DBFF8D}.Release|Any CPU.ActiveCfg = Release|Any CPU
		{8EAC15B9-D071-4B29-9341-A19978DBFF8D}.Release|Any CPU.Build.0 = Release|Any CPU
	EndGlobalSection
	GlobalSection(SolutionProperties) = preSolution
		HideSolutionNode = FALSE
	EndGlobalSection
	GlobalSection(ExtensibilityGlobals) = postSolution
		SolutionGuid = {8AEA62BC-E559-4ED3-A6A2-71AFF390FA36}
	EndGlobalSection
EndGlobal
